
Microsoft Visual Studio Solution File, Format Version 12.00
# Visual Studio Version 17
VisualStudioVersion = 17.8.34330.188
MinimumVisualStudioVersion = 10.0.40219.1
Project("{2150E333-8FDC-42A3-9474-1A3956D46DE8}") = "Core", "Core", "{ECF7777E-DEF2-4B43-A22A-4E904ADD9C58}"
EndProject
Project("{2150E333-8FDC-42A3-9474-1A3956D46DE8}") = "Infrastructure", "Infrastructure", "{FBE96D49-493C-483F-8041-E8E97F651EF2}"
EndProject
Project("{2150E333-8FDC-42A3-9474-1A3956D46DE8}") = "Presentation", "Presentation", "{29932A91-4E6F-4B9E-94A0-D6FF04ACE285}"
EndProject
Project("{FAE04EC0-301F-11D3-BF4B-00C04F79EFBC}") = "VariacaoAtivo.Application", "VariacaoAtivo.Application\VariacaoAtivo.Application.csproj", "{26268C9D-B2AD-4A60-B02E-8FB6FE9E5790}"
EndProject
Project("{FAE04EC0-301F-11D3-BF4B-00C04F79EFBC}") = "VariacaoAtivo.Domain", "VariacaoAtivo.Domain\VariacaoAtivo.Domain.csproj", "{D838F427-9B2F-4CB6-9E74-0F6D05CA34B0}"
EndProject
Project("{FAE04EC0-301F-11D3-BF4B-00C04F79EFBC}") = "VariacaoAtivo.Persistence", "VariacaoAtivo.Persistence\VariacaoAtivo.Persistence.csproj", "{27B543E3-913B-4C87-A94B-EEFA1A583DFF}"
EndProject
Project("{FAE04EC0-301F-11D3-BF4B-00C04F79EFBC}") = "VariacaoAtivo.Api", "VariacaoAtivo.Api[\VariacaoAtivo.Api.csproj", "{7D769E47-DF06-4509-8E8B-87EA1691E679}"
EndProject
Global
	GlobalSection(SolutionConfigurationPlatforms) = preSolution
		Debug|Any CPU = Debug|Any CPU
		Release|Any CPU = Release|Any CPU
	EndGlobalSection
	GlobalSection(ProjectConfigurationPlatforms) = postSolution
		{26268C9D-B2AD-4A60-B02E-8FB6FE9E5790}.Debug|Any CPU.ActiveCfg = Debug|Any CPU
		{26268C9D-B2AD-4A60-B02E-8FB6FE9E5790}.Debug|Any CPU.Build.0 = Debug|Any CPU
		{26268C9D-B2AD-4A60-B02E-8FB6FE9E5790}.Release|Any CPU.ActiveCfg = Release|Any CPU
		{26268C9D-B2AD-4A60-B02E-8FB6FE9E5790}.Release|Any CPU.Build.0 = Release|Any CPU
		{D838F427-9B2F-4CB6-9E74-0F6D05CA34B0}.Debug|Any CPU.ActiveCfg = Debug|Any CPU
		{D838F427-9B2F-4CB6-9E74-0F6D05CA34B0}.Debug|Any CPU.Build.0 = Debug|Any CPU
		{D838F427-9B2F-4CB6-9E74-0F6D05CA34B0}.Release|Any CPU.ActiveCfg = Release|Any CPU
		{D838F427-9B2F-4CB6-9E74-0F6D05CA34B0}.Release|Any CPU.Build.0 = Release|Any CPU
		{27B543E3-913B-4C87-A94B-EEFA1A583DFF}.Debug|Any CPU.ActiveCfg = Debug|Any CPU
		{27B543E3-913B-4C87-A94B-EEFA1A583DFF}.Debug|Any CPU.Build.0 = Debug|Any CPU
		{27B543E3-913B-4C87-A94B-EEFA1A583DFF}.Release|Any CPU.ActiveCfg = Release|Any CPU
		{27B543E3-913B-4C87-A94B-EEFA1A583DFF}.Release|Any CPU.Build.0 = Release|Any CPU
		{7D769E47-DF06-4509-8E8B-87EA1691E679}.Debug|Any CPU.ActiveCfg = Debug|Any CPU
		{7D769E47-DF06-4509-8E8B-87EA1691E679}.Debug|Any CPU.Build.0 = Debug|Any CPU
		{7D769E47-DF06-4509-8E8B-87EA1691E679}.Release|Any CPU.ActiveCfg = Release|Any CPU
		{7D769E47-DF06-4509-8E8B-87EA1691E679}.Release|Any CPU.Build.0 = Release|Any CPU
	EndGlobalSection
	GlobalSection(SolutionProperties) = preSolution
		HideSolutionNode = FALSE
	EndGlobalSection
	GlobalSection(NestedProjects) = preSolution
		{26268C9D-B2AD-4A60-B02E-8FB6FE9E5790} = {ECF7777E-DEF2-4B43-A22A-4E904ADD9C58}
		{D838F427-9B2F-4CB6-9E74-0F6D05CA34B0} = {ECF7777E-DEF2-4B43-A22A-4E904ADD9C58}
		{27B543E3-913B-4C87-A94B-EEFA1A583DFF} = {FBE96D49-493C-483F-8041-E8E97F651EF2}
		{7D769E47-DF06-4509-8E8B-87EA1691E679} = {29932A91-4E6F-4B9E-94A0-D6FF04ACE285}
	EndGlobalSection
	GlobalSection(ExtensibilityGlobals) = postSolution
		SolutionGuid = {9DB7D6CC-7BE4-42A3-919B-A8AFD850DBB0}
	EndGlobalSection
EndGlobal
